
Microsoft Visual Studio Solution File, Format Version 12.00
# Visual Studio Version 17
VisualStudioVersion = 17.2.32616.157
MinimumVisualStudioVersion = 10.0.40219.1
Project("{FAE04EC0-301F-11D3-BF4B-00C04F79EFBC}") = "Innovatis", "Innovatis\Innovatis.csproj", "{3CD9E9BF-A123-4182-9F1E-68145AC9AFFF}"
EndProject
Project("{FAE04EC0-301F-11D3-BF4B-00C04F79EFBC}") = "Innovatis.Clientes", "Innovatis.Clientes\Innovatis.Clientes.csproj", "{B59F4901-2C10-470E-B28A-514847C22B5A}"
EndProject
Project("{FAE04EC0-301F-11D3-BF4B-00C04F79EFBC}") = "Innovatis.Obra", "Innovatis.Obra\Innovatis.Obra.csproj", "{41093D26-B774-46AA-8A27-A08C55E5B28E}"
EndProject
Project("{54435603-DBB4-11D2-8724-00A0C9A8B90C}") = "Install", "Innovatis\Instalador\Install\Install.vdproj", "{8432D4E0-9BE8-4232-B1C9-BA02B97AA17E}"
EndProject
Project("{FAE04EC0-301F-11D3-BF4B-00C04F79EFBC}") = "Innovatis.Fornecedores", "Innovatis.Fornecedores\Innovatis.Fornecedores.csproj", "{CCDDF7BF-80F1-43EF-982F-373D9636D509}"
EndProject
Global
	GlobalSection(SolutionConfigurationPlatforms) = preSolution
		Debug|Any CPU = Debug|Any CPU
		Release|Any CPU = Release|Any CPU
	EndGlobalSection
	GlobalSection(ProjectConfigurationPlatforms) = postSolution
		{3CD9E9BF-A123-4182-9F1E-68145AC9AFFF}.Debug|Any CPU.ActiveCfg = Debug|Any CPU
		{3CD9E9BF-A123-4182-9F1E-68145AC9AFFF}.Debug|Any CPU.Build.0 = Debug|Any CPU
		{3CD9E9BF-A123-4182-9F1E-68145AC9AFFF}.Release|Any CPU.ActiveCfg = Release|Any CPU
		{3CD9E9BF-A123-4182-9F1E-68145AC9AFFF}.Release|Any CPU.Build.0 = Release|Any CPU
		{B59F4901-2C10-470E-B28A-514847C22B5A}.Debug|Any CPU.ActiveCfg = Debug|Any CPU
		{B59F4901-2C10-470E-B28A-514847C22B5A}.Debug|Any CPU.Build.0 = Debug|Any CPU
		{B59F4901-2C10-470E-B28A-514847C22B5A}.Release|Any CPU.ActiveCfg = Release|Any CPU
		{B59F4901-2C10-470E-B28A-514847C22B5A}.Release|Any CPU.Build.0 = Release|Any CPU
		{41093D26-B774-46AA-8A27-A08C55E5B28E}.Debug|Any CPU.ActiveCfg = Debug|Any CPU
		{41093D26-B774-46AA-8A27-A08C55E5B28E}.Debug|Any CPU.Build.0 = Debug|Any CPU
		{41093D26-B774-46AA-8A27-A08C55E5B28E}.Release|Any CPU.ActiveCfg = Release|Any CPU
		{41093D26-B774-46AA-8A27-A08C55E5B28E}.Release|Any CPU.Build.0 = Release|Any CPU
		{8432D4E0-9BE8-4232-B1C9-BA02B97AA17E}.Debug|Any CPU.ActiveCfg = Debug
		{8432D4E0-9BE8-4232-B1C9-BA02B97AA17E}.Release|Any CPU.ActiveCfg = Release
		{CCDDF7BF-80F1-43EF-982F-373D9636D509}.Debug|Any CPU.ActiveCfg = Debug|Any CPU
		{CCDDF7BF-80F1-43EF-982F-373D9636D509}.Debug|Any CPU.Build.0 = Debug|Any CPU
		{CCDDF7BF-80F1-43EF-982F-373D9636D509}.Release|Any CPU.ActiveCfg = Release|Any CPU
		{CCDDF7BF-80F1-43EF-982F-373D9636D509}.Release|Any CPU.Build.0 = Release|Any CPU
	EndGlobalSection
	GlobalSection(SolutionProperties) = preSolution
		HideSolutionNode = FALSE
	EndGlobalSection
	GlobalSection(ExtensibilityGlobals) = postSolution
		SolutionGuid = {9C334864-6FC8-4AF2-BBCD-CADAB54D416E}
	EndGlobalSection
EndGlobal
